# THIS IS AN AUTOGENERATED FILE. DO NOT EDIT THIS FILE DIRECTLY.
# yarn lockfile v1


postprocessing@^6.21.1:
  version "6.21.1"
  resolved "https://registry.yarnpkg.com/postprocessing/-/postprocessing-6.21.1.tgz#565d3c7809767085c734c18c477e1bcdbbfc7bbd"
  integrity sha512-b+ztV3kBLWQSXkaGBUH5FwPmQOZcactEwLDWZzI4kZzKVR4z0Tb+KEkq8FLoFeL5MD9i4RE8PDUNfZXI0UhwwQ==

prettier@^2.2.1:
  version "2.2.1"
  resolved "https://registry.yarnpkg.com/prettier/-/prettier-2.2.1.tgz#795a1a78dd52f073da0cd42b21f9c91381923ff5"
  integrity sha512-PqyhM2yCjg/oKkFPtTGUojv7gnZAoG80ttl45O6x2Ug/rMJw4wcc9k6aaf2hibP7BGVCCM33gZoGjyvt9mm16Q==

stats.js@^0.17.0:
  version "0.17.0"
  resolved "https://registry.yarnpkg.com/stats.js/-/stats.js-0.17.0.tgz#b1c3dc46d94498b578b7fd3985b81ace7131cc7d"
  integrity sha1-scPcRtlEmLV4t/05hbgaznExzH0=

three-orbit-controls@^82.1.0:
  version "82.1.0"
  resolved "https://registry.yarnpkg.com/three-orbit-controls/-/three-orbit-controls-82.1.0.tgz#11a7f33d0a20ecec98f098b37780f6537374fab4"
  integrity sha1-EafzPQog7OyY8Jizd4D2U3N0+rQ=

three@^0.126.1:
  version "0.126.1"
  resolved "https://registry.yarnpkg.com/three/-/three-0.126.1.tgz#cf4e4e52060fd952f6f0d5440cbd422c66bc4be7"
  integrity sha512-eOEXnZeE1FDV0XgL1u08auIP13jxdN9LQBAEmlErYzMxtIIfuGIAZbijOyookALUhqVzVOx0Tywj6n192VM+nQ==
